
Microsoft Visual Studio Solution File, Format Version 12.00
# Visual Studio Version 17
VisualStudioVersion = 17.11.35312.102
MinimumVisualStudioVersion = 10.0.40219.1
Project("{FAE04EC0-301F-11D3-BF4B-00C04F79EFBC}") = "Assignment02_233505", "Assignment02_233505.csproj", "{92A77DE6-6DD8-40CA-B330-2508889E9FC0}"
EndProject
Global
	GlobalSection(SolutionConfigurationPlatforms) = preSolution
		Debug|Any CPU = Debug|Any CPU
		Release|Any CPU = Release|Any CPU
	EndGlobalSection
	GlobalSection(ProjectConfigurationPlatforms) = postSolution
		{92A77DE6-6DD8-40CA-B330-2508889E9FC0}.Debug|Any CPU.ActiveCfg = Debug|Any CPU
		{92A77DE6-6DD8-40CA-B330-2508889E9FC0}.Debug|Any CPU.Build.0 = Debug|Any CPU
		{92A77DE6-6DD8-40CA-B330-2508889E9FC0}.Release|Any CPU.ActiveCfg = Release|Any CPU
		{92A77DE6-6DD8-40CA-B330-2508889E9FC0}.Release|Any CPU.Build.0 = Release|Any CPU
	EndGlobalSection
	GlobalSection(SolutionProperties) = preSolution
		HideSolutionNode = FALSE
	EndGlobalSection
	GlobalSection(ExtensibilityGlobals) = postSolution
		SolutionGuid = {71860778-E8B7-4EC5-9BC0-04A7C333BF2E}
	EndGlobalSection
EndGlobal
