
Microsoft Visual Studio Solution File, Format Version 12.00
# Visual Studio Version 17
VisualStudioVersion = 17.11.35312.102
MinimumVisualStudioVersion = 10.0.40219.1
Project("{FAE04EC0-301F-11D3-BF4B-00C04F79EFBC}") = "Activity2", "Activity2.csproj", "{970C5772-0CB3-49E7-ABEA-B67AF36F79AB}"
EndProject
Global
	GlobalSection(SolutionConfigurationPlatforms) = preSolution
		Debug|Any CPU = Debug|Any CPU
		Release|Any CPU = Release|Any CPU
	EndGlobalSection
	GlobalSection(ProjectConfigurationPlatforms) = postSolution
		{970C5772-0CB3-49E7-ABEA-B67AF36F79AB}.Debug|Any CPU.ActiveCfg = Debug|Any CPU
		{970C5772-0CB3-49E7-ABEA-B67AF36F79AB}.Debug|Any CPU.Build.0 = Debug|Any CPU
		{970C5772-0CB3-49E7-ABEA-B67AF36F79AB}.Release|Any CPU.ActiveCfg = Release|Any CPU
		{970C5772-0CB3-49E7-ABEA-B67AF36F79AB}.Release|Any CPU.Build.0 = Release|Any CPU
	EndGlobalSection
	GlobalSection(SolutionProperties) = preSolution
		HideSolutionNode = FALSE
	EndGlobalSection
	GlobalSection(ExtensibilityGlobals) = postSolution
		SolutionGuid = {8EFD6BEB-3A95-4838-8909-F9A5602B8CEB}
	EndGlobalSection
EndGlobal
